
Microsoft Visual Studio Solution File, Format Version 12.00
# Visual Studio Version 17
VisualStudioVersion = 17.4.33110.190
MinimumVisualStudioVersion = 10.0.40219.1
Project("{FAE04EC0-301F-11D3-BF4B-00C04F79EFBC}") = "M3Practice13", "M3Practice13\M3Practice13.csproj", "{88CE9BF9-127E-4507-A1F3-360DCE411CAC}"
EndProject
Global
	GlobalSection(SolutionConfigurationPlatforms) = preSolution
		Debug|Any CPU = Debug|Any CPU
		Release|Any CPU = Release|Any CPU
	EndGlobalSection
	GlobalSection(ProjectConfigurationPlatforms) = postSolution
		{88CE9BF9-127E-4507-A1F3-360DCE411CAC}.Debug|Any CPU.ActiveCfg = Debug|Any CPU
		{88CE9BF9-127E-4507-A1F3-360DCE411CAC}.Debug|Any CPU.Build.0 = Debug|Any CPU
		{88CE9BF9-127E-4507-A1F3-360DCE411CAC}.Release|Any CPU.ActiveCfg = Release|Any CPU
		{88CE9BF9-127E-4507-A1F3-360DCE411CAC}.Release|Any CPU.Build.0 = Release|Any CPU
	EndGlobalSection
	GlobalSection(SolutionProperties) = preSolution
		HideSolutionNode = FALSE
	EndGlobalSection
	GlobalSection(ExtensibilityGlobals) = postSolution
		SolutionGuid = {46E2B94A-58E1-44CB-AC97-F70D6B68EE68}
	EndGlobalSection
EndGlobal
